
Microsoft Visual Studio Solution File, Format Version 12.00
# Visual Studio 15
VisualStudioVersion = 15.0.28307.168
MinimumVisualStudioVersion = 10.0.40219.1
Project("{9A19103F-16F7-4668-BE54-9A1E7A4F7556}") = "UnitTestProjectMSTest.Tests", "UnitTestProjectMSTest\UnitTestProjectMSTest.Tests.csproj", "{E39742BE-BF8E-4C55-95A7-C9937DCB0738}"
EndProject
Project("{9A19103F-16F7-4668-BE54-9A1E7A4F7556}") = "UnitTestProjectXUnit.Tests", "UnitTestProjectXUnit\UnitTestProjectXUnit.Tests.csproj", "{C4FC4D7A-DDE0-4E56-A684-BDE9F28F0A05}"
EndProject
Project("{9A19103F-16F7-4668-BE54-9A1E7A4F7556}") = "UnitTestProjectNUnit.Tests", "UnitTestProjectNUnit\UnitTestProjectNUnit.Tests.csproj", "{07961C95-2163-49C8-9B3E-8EA150CCB37C}"
EndProject
Project("{2150E333-8FDC-42A3-9474-1A3956D46DE8}") = "ModelAndUnitTesting", "ModelAndUnitTesting", "{194D8AC1-F0D4-44B3-A83B-A06C40E77EC9}"
EndProject
Project("{2150E333-8FDC-42A3-9474-1A3956D46DE8}") = "ServiceAndIntegrationTesting", "ServiceAndIntegrationTesting", "{D81F0898-5980-4353-B477-9B90F0D5C255}"
EndProject
Project("{9A19103F-16F7-4668-BE54-9A1E7A4F7556}") = "ServiceCalculator", "ServiceCalculator\ServiceCalculator.csproj", "{9BD3548E-2C53-49C4-9137-00E2ED1066F3}"
EndProject
Project("{2150E333-8FDC-42A3-9474-1A3956D46DE8}") = "Service", "Service", "{A35FB101-53E1-4EB0-B62C-B6118B0CB5BF}"
EndProject
Project("{9A19103F-16F7-4668-BE54-9A1E7A4F7556}") = "ModelClasses", "ModelClasses\ModelClasses.csproj", "{A399E2B4-CB6D-475A-A407-48DADA3BFD80}"
EndProject
Global
	GlobalSection(SolutionConfigurationPlatforms) = preSolution
		Debug|Any CPU = Debug|Any CPU
		Release|Any CPU = Release|Any CPU
	EndGlobalSection
	GlobalSection(ProjectConfigurationPlatforms) = postSolution
		{E39742BE-BF8E-4C55-95A7-C9937DCB0738}.Debug|Any CPU.ActiveCfg = Debug|Any CPU
		{E39742BE-BF8E-4C55-95A7-C9937DCB0738}.Debug|Any CPU.Build.0 = Debug|Any CPU
		{E39742BE-BF8E-4C55-95A7-C9937DCB0738}.Release|Any CPU.ActiveCfg = Release|Any CPU
		{E39742BE-BF8E-4C55-95A7-C9937DCB0738}.Release|Any CPU.Build.0 = Release|Any CPU
		{C4FC4D7A-DDE0-4E56-A684-BDE9F28F0A05}.Debug|Any CPU.ActiveCfg = Debug|Any CPU
		{C4FC4D7A-DDE0-4E56-A684-BDE9F28F0A05}.Debug|Any CPU.Build.0 = Debug|Any CPU
		{C4FC4D7A-DDE0-4E56-A684-BDE9F28F0A05}.Release|Any CPU.ActiveCfg = Release|Any CPU
		{C4FC4D7A-DDE0-4E56-A684-BDE9F28F0A05}.Release|Any CPU.Build.0 = Release|Any CPU
		{07961C95-2163-49C8-9B3E-8EA150CCB37C}.Debug|Any CPU.ActiveCfg = Debug|Any CPU
		{07961C95-2163-49C8-9B3E-8EA150CCB37C}.Debug|Any CPU.Build.0 = Debug|Any CPU
		{07961C95-2163-49C8-9B3E-8EA150CCB37C}.Release|Any CPU.ActiveCfg = Release|Any CPU
		{07961C95-2163-49C8-9B3E-8EA150CCB37C}.Release|Any CPU.Build.0 = Release|Any CPU
		{9BD3548E-2C53-49C4-9137-00E2ED1066F3}.Debug|Any CPU.ActiveCfg = Debug|Any CPU
		{9BD3548E-2C53-49C4-9137-00E2ED1066F3}.Debug|Any CPU.Build.0 = Debug|Any CPU
		{9BD3548E-2C53-49C4-9137-00E2ED1066F3}.Release|Any CPU.ActiveCfg = Release|Any CPU
		{9BD3548E-2C53-49C4-9137-00E2ED1066F3}.Release|Any CPU.Build.0 = Release|Any CPU
		{A399E2B4-CB6D-475A-A407-48DADA3BFD80}.Debug|Any CPU.ActiveCfg = Debug|Any CPU
		{A399E2B4-CB6D-475A-A407-48DADA3BFD80}.Debug|Any CPU.Build.0 = Debug|Any CPU
		{A399E2B4-CB6D-475A-A407-48DADA3BFD80}.Release|Any CPU.ActiveCfg = Release|Any CPU
		{A399E2B4-CB6D-475A-A407-48DADA3BFD80}.Release|Any CPU.Build.0 = Release|Any CPU
	EndGlobalSection
	GlobalSection(SolutionProperties) = preSolution
		HideSolutionNode = FALSE
	EndGlobalSection
	GlobalSection(NestedProjects) = preSolution
		{E39742BE-BF8E-4C55-95A7-C9937DCB0738} = {194D8AC1-F0D4-44B3-A83B-A06C40E77EC9}
		{C4FC4D7A-DDE0-4E56-A684-BDE9F28F0A05} = {194D8AC1-F0D4-44B3-A83B-A06C40E77EC9}
		{07961C95-2163-49C8-9B3E-8EA150CCB37C} = {194D8AC1-F0D4-44B3-A83B-A06C40E77EC9}
		{9BD3548E-2C53-49C4-9137-00E2ED1066F3} = {A35FB101-53E1-4EB0-B62C-B6118B0CB5BF}
		{A35FB101-53E1-4EB0-B62C-B6118B0CB5BF} = {D81F0898-5980-4353-B477-9B90F0D5C255}
		{A399E2B4-CB6D-475A-A407-48DADA3BFD80} = {194D8AC1-F0D4-44B3-A83B-A06C40E77EC9}
	EndGlobalSection
	GlobalSection(ExtensibilityGlobals) = postSolution
		SolutionGuid = {889CC129-B5AF-4A29-801E-80233884DC4A}
	EndGlobalSection
EndGlobal
